
Microsoft Visual Studio Solution File, Format Version 12.00
# Visual Studio Version 17
VisualStudioVersion = 17.6.33829.357
MinimumVisualStudioVersion = 10.0.40219.1
Project("{FAE04EC0-301F-11D3-BF4B-00C04F79EFBC}") = "Grpc_Service", "Grpc_Service\Grpc_Service.csproj", "{905BE217-0D7F-49DB-B87B-CFD112A20C36}"
EndProject
Global
	GlobalSection(SolutionConfigurationPlatforms) = preSolution
		Debug|Any CPU = Debug|Any CPU
		Release|Any CPU = Release|Any CPU
	EndGlobalSection
	GlobalSection(ProjectConfigurationPlatforms) = postSolution
		{905BE217-0D7F-49DB-B87B-CFD112A20C36}.Debug|Any CPU.ActiveCfg = Debug|Any CPU
		{905BE217-0D7F-49DB-B87B-CFD112A20C36}.Debug|Any CPU.Build.0 = Debug|Any CPU
		{905BE217-0D7F-49DB-B87B-CFD112A20C36}.Release|Any CPU.ActiveCfg = Release|Any CPU
		{905BE217-0D7F-49DB-B87B-CFD112A20C36}.Release|Any CPU.Build.0 = Release|Any CPU
	EndGlobalSection
	GlobalSection(SolutionProperties) = preSolution
		HideSolutionNode = FALSE
	EndGlobalSection
	GlobalSection(ExtensibilityGlobals) = postSolution
		SolutionGuid = {8752DF54-7772-4842-8DAA-D84DD2D97219}
	EndGlobalSection
EndGlobal
